{
  "name": "prj-db-cnf-vue-resource-jsen",
  "version": "0.0.0",
  "lockfileVersion": 1,
  "requires": true,
  "dependencies": {
    "jsen-cls-sdk-prj-packagejs-fnc-deploy-api-on-unix-nodejs": {
      "version": "git+http://localhost:49418/Repositories/packagejs-repository/jsen-cls-sdk-prj-packagejs-fnc-deploy-api-on-unix-nodejs/1.0.0-14.18.2-compiled.git#02d9e5f5ea814ab741933e2d99dac4c64881d696",
      "from": "git+http://localhost:49418/Repositories/packagejs-repository/jsen-cls-sdk-prj-packagejs-fnc-deploy-api-on-unix-nodejs/1.0.0-14.18.2-compiled.git"
    },
    "jsen-sym-bundle-app-for-apis": {
      "version": "git+http://localhost:49418/Projects/jsen-project/jsen-cls-sdk-mod-bundle-pkg-backend-for-api-via-app-httpserver-nodejs/1.0.0-14.18.2-compiled.git#20f74e50103740fb8cf213aa22d0de904c714e8f",
      "from": "git+http://localhost:49418/Projects/jsen-project/jsen-cls-sdk-mod-bundle-pkg-backend-for-api-via-app-httpserver-nodejs/1.0.0-14.18.2-compiled.git"
    },
    "jsen-sym-bundle-app-for-databases": {
      "version": "git+http://localhost:49418/Projects/jsen-project/jsen-cls-sdk-mod-bundle-pkg-backend-for-orm-ext-onefile-ext-fulltext-via-app-httpserver-nodejs/1.0.0-14.18.2-compiled.git#9c85c4dea88dc829a625cc193f45c1d5d38801c5",
      "from": "git+http://localhost:49418/Projects/jsen-project/jsen-cls-sdk-mod-bundle-pkg-backend-for-orm-ext-onefile-ext-fulltext-via-app-httpserver-nodejs/1.0.0-14.18.2-compiled.git"
    },
    "jsen-sym-bundle-app-for-drives": {
      "version": "git+http://localhost:49418/Projects/jsen-project/jsen-cls-sdk-mod-bundle-pkg-backend-for-drive-via-app-httpserver-nodejs/1.0.0-14.18.2-compiled.git#5126a9fd317959946a1725817c6ee34906f113d8",
      "from": "git+http://localhost:49418/Projects/jsen-project/jsen-cls-sdk-mod-bundle-pkg-backend-for-drive-via-app-httpserver-nodejs/1.0.0-14.18.2-compiled.git"
    },
    "jsen-sym-bundle-app-for-storage": {
      "version": "git+http://localhost:49418/Projects/jsen-project/jsen-cls-sdk-mod-bundle-pkg-backend-for-storage-ext-unix-via-app-httpserver-nodejs/1.0.0-14.18.2-compiled.git#e76a94dc353daca940c9c489a9345417e7e981f3",
      "from": "git+http://localhost:49418/Projects/jsen-project/jsen-cls-sdk-mod-bundle-pkg-backend-for-storage-ext-unix-via-app-httpserver-nodejs/1.0.0-14.18.2-compiled.git"
    },
    "jsen-sym-bundle-sdk-for-apis": {
      "version": "git+http://localhost:49418/Projects/jsen-project/jsen-cls-sdk-mod-bundle-pkg-backend-for-api-without-builder-on-localhost-use-httpserver-nodejs/1.0.0-14.18.2-compiled.git#a2ad68596b33e53a2238408f67d19946e6f64f43",
      "from": "git+http://localhost:49418/Projects/jsen-project/jsen-cls-sdk-mod-bundle-pkg-backend-for-api-without-builder-on-localhost-use-httpserver-nodejs/1.0.0-14.18.2-compiled.git"
    },
    "jsen-sym-bundle-sdk-for-databases": {
      "version": "git+http://localhost:49418/Projects/jsen-project/jsen-cls-sdk-mod-bundle-pkg-backend-for-orm-without-builder-on-localhost-use-httpserver-nodejs/1.0.0-14.18.2-compiled.git#b336a6d61c80d4ce12eadd136ae30a8d4468192c",
      "from": "git+http://localhost:49418/Projects/jsen-project/jsen-cls-sdk-mod-bundle-pkg-backend-for-orm-without-builder-on-localhost-use-httpserver-nodejs/1.0.0-14.18.2-compiled.git"
    },
    "jsen-sym-bundle-sdk-for-drives": {
      "version": "git+http://localhost:49418/Projects/jsen-project/jsen-cls-sdk-mod-bundle-pkg-backend-for-drive-without-builder-on-localhost-use-httpserver-nodejs/1.0.0-14.18.2-compiled.git#dd93f138e673fde0d162ab6ee2909b4b4089d174",
      "from": "git+http://localhost:49418/Projects/jsen-project/jsen-cls-sdk-mod-bundle-pkg-backend-for-drive-without-builder-on-localhost-use-httpserver-nodejs/1.0.0-14.18.2-compiled.git"
    },
    "jsen-sym-bundle-sdk-for-storage": {
      "version": "git+http://localhost:49418/Projects/jsen-project/jsen-cls-sdk-mod-bundle-pkg-backend-for-storage-without-builder-on-localhost-use-httpserver-nodejs/1.0.0-14.18.2-compiled.git#a7ba4a7a5f2fffeb9f8a378ec2793d70a027edc8",
      "from": "git+http://localhost:49418/Projects/jsen-project/jsen-cls-sdk-mod-bundle-pkg-backend-for-storage-without-builder-on-localhost-use-httpserver-nodejs/1.0.0-14.18.2-compiled.git"
    }
  }
}
